PODS:
  - AAPickerView (0.1.2)
  - BmoViewPager (4.1.3)
  - CalendarDateRangePickerViewController (0.1.0)
  - Charts (3.1.1):
    - Charts/Core (= 3.1.1)
  - Charts/Core (3.1.1)
  - DynamicBlurView (2.0.2)
  - Firebase/Auth (5.4.0):
    - Firebase/CoreOnly
    - FirebaseAuth (= 5.0.2)
  - Firebase/Core (5.4.0):
    - Firebase/CoreOnly
    - FirebaseAnalytics (= 5.0.1)
  - Firebase/CoreOnly (5.4.0):
    - FirebaseCore (= 5.0.5)
  - Firebase/Database (5.4.0):
    - Firebase/CoreOnly
    - FirebaseDatabase (= 5.0.2)
  - Firebase/MLVision (5.4.0):
    - Firebase/CoreOnly
    - FirebaseMLVision (= 0.10.0)
  - FirebaseAnalytics (5.0.1):
    - FirebaseCore (~> 5.0)
    - FirebaseInstanceID (~> 3.0)
    - "GoogleToolboxForMac/NSData+zlib (~> 2.1)"
    - nanopb (~> 0.3)
  - FirebaseAuth (5.0.2):
    - FirebaseCore (~> 5.0)
    - GTMSessionFetcher/Core (~> 1.1)
  - FirebaseCore (5.0.5):
    - "GoogleToolboxForMac/NSData+zlib (~> 2.1)"
  - FirebaseDatabase (5.0.2):
    - FirebaseCore (~> 5.0)
    - leveldb-library (~> 1.18)
  - FirebaseInstanceID (3.1.1):
    - FirebaseCore (~> 5.0)
  - FirebaseMLCommon (0.10.0):
    - FirebaseCore (~> 5.0)
  - FirebaseMLVision (0.10.0):
    - FirebaseCore (~> 5.0)
    - FirebaseMLCommon (~> 0.10)
    - GoogleAPIClientForREST/Core (~> 1.3)
    - GoogleAPIClientForREST/Vision (~> 1.3)
    - GoogleMobileVision/Detector (~> 1.3)
  - FirebaseUI/Auth (5.0.1):
    - Firebase/Auth (~> 5.0)
  - FirebaseUI/Google (5.0.1):
    - FirebaseUI/Auth
    - GoogleSignIn (~> 4.0)
  - Floaty (4.0.1)
  - FormValidatorSwift (3.2.0)
  - GoogleAPIClientForREST/Core (1.3.4):
    - GTMSessionFetcher (>= 1.1.7)
  - GoogleAPIClientForREST/Vision (1.3.4):
    - GoogleAPIClientForREST/Core
    - GTMSessionFetcher (>= 1.1.7)
  - GoogleMaps (2.7.0):
    - GoogleMaps/Maps (= 2.7.0)
  - GoogleMaps/Base (2.7.0)
  - GoogleMaps/Maps (2.7.0):
    - GoogleMaps/Base
  - GoogleMobileVision/Detector (1.3.2):
    - GoogleToolboxForMac/Logger (~> 2.1)
    - "GoogleToolboxForMac/NSData+zlib (~> 2.1)"
    - GTMSessionFetcher/Core (~> 1.1)
    - Protobuf (~> 3.1)
  - GooglePlacePicker (2.7.0):
    - GoogleMaps (= 2.7.0)
    - GooglePlaces (= 2.7.0)
  - GooglePlaces (2.7.0):
    - GoogleMaps/Base (= 2.7.0)
  - GoogleSignIn (4.1.2):
    - "GoogleToolboxForMac/NSDictionary+URLArguments (~> 2.1)"
    - "GoogleToolboxForMac/NSString+URLArguments (~> 2.1)"
    - GTMOAuth2 (~> 1.0)
    - GTMSessionFetcher/Core (~> 1.1)
  - GoogleToolboxForMac/DebugUtils (2.1.4):
    - GoogleToolboxForMac/Defines (= 2.1.4)
  - GoogleToolboxForMac/Defines (2.1.4)
  - GoogleToolboxForMac/Logger (2.1.4):
    - GoogleToolboxForMac/Defines (= 2.1.4)
  - "GoogleToolboxForMac/NSData+zlib (2.1.4)":
    - GoogleToolboxForMac/Defines (= 2.1.4)
  - "GoogleToolboxForMac/NSDictionary+URLArguments (2.1.4)":
    - GoogleToolboxForMac/DebugUtils (= 2.1.4)
    - GoogleToolboxForMac/Defines (= 2.1.4)
    - "GoogleToolboxForMac/NSString+URLArguments (= 2.1.4)"
  - "GoogleToolboxForMac/NSString+URLArguments (2.1.4)"
  - GTMOAuth2 (1.1.6):
    - GTMSessionFetcher (~> 1.1)
  - GTMSessionFetcher (1.1.15):
    - GTMSessionFetcher/Full (= 1.1.15)
  - GTMSessionFetcher/Core (1.1.15)
  - GTMSessionFetcher/Full (1.1.15):
    - GTMSessionFetcher/Core (= 1.1.15)
  - ImageLoader (0.14.0)
  - ImagePicker (3.0.0)
  - leveldb-library (1.20)
  - nanopb (0.3.8):
    - nanopb/decode (= 0.3.8)
    - nanopb/encode (= 0.3.8)
  - nanopb/decode (0.3.8)
  - nanopb/encode (0.3.8)
  - PDTSimpleCalendar (0.9.1)
  - PopupDialog (0.7.1):
    - DynamicBlurView (~> 2.0)
  - Protobuf (3.6.0)
  - SimplePDF (3.0.0)

DEPENDENCIES:
  - AAPickerView
  - BmoViewPager
  - CalendarDateRangePickerViewController
  - Charts
  - Firebase/Core
  - Firebase/Database
  - Firebase/MLVision
  - FirebaseUI/Auth
  - FirebaseUI/Google
  - Floaty (~> 4.0.0)
  - FormValidatorSwift
  - GoogleMaps
  - GooglePlacePicker
  - GooglePlaces
  - ImageLoader
  - ImagePicker
  - PDTSimpleCalendar
  - PopupDialog
  - SimplePDF

SPEC REPOS:
  https://github.com/cocoapods/specs.git:
    - AAPickerView
    - BmoViewPager
    - CalendarDateRangePickerViewController
    - Charts
    - DynamicBlurView
    - Firebase
    - FirebaseAnalytics
    - FirebaseAuth
    - FirebaseCore
    - FirebaseDatabase
    - FirebaseInstanceID
    - FirebaseMLCommon
    - FirebaseMLVision
    - FirebaseUI
    - Floaty
    - FormValidatorSwift
    - GoogleAPIClientForREST
    - GoogleMaps
    - GoogleMobileVision
    - GooglePlacePicker
    - GooglePlaces
    - GoogleSignIn
    - GoogleToolboxForMac
    - GTMOAuth2
    - GTMSessionFetcher
    - ImageLoader
    - ImagePicker
    - leveldb-library
    - nanopb
    - PDTSimpleCalendar
    - PopupDialog
    - Protobuf
    - SimplePDF

SPEC CHECKSUMS:
  AAPickerView: 6a22bdff279b5e21ca51b4e6fe015599b20a81ad
  BmoViewPager: cf2e3c251f64872b5c8163365a620f2ef2fccb74
  CalendarDateRangePickerViewController: 9e82a36a21ad7338f4e21a314469bfabe1f738fb
  Charts: 90a4d61da0f6e06684c591e3bcab11940fe61736
  DynamicBlurView: aa6db4defc6e537eb86fc5e58dd3991666178399
  Firebase: d66f4f29c23f22d96808d9abc174d81d8eee968f
  FirebaseAnalytics: b3628aea54c50464c32c393fb2ea032566e7ecc2
  FirebaseAuth: 096e457cdd4274412a66c4a35874787e411f5a03
  FirebaseCore: 42b3267233bd21a5abd54117ccc38ca3dd0f8e83
  FirebaseDatabase: 27be5ac5bc75e0b17537b2bbfada8258addcc8cd
  FirebaseInstanceID: f3f0657372592ecdfdfe2cac604a5a75758376a6
  FirebaseMLCommon: 88ffed2dbb54ecb7dbcf8080a7654b6ea938e15b
  FirebaseMLVision: 144a482992b5b3d60afc17abfeb28a42bf468522
  FirebaseUI: 5d97d3d5d6a019fc960eb573ea6ce9fb8c310669
  Floaty: 82854e1a5ef4fa208281ebd4da2f3d1e51ba67a6
  FormValidatorSwift: d62834973845dcbaa0fc3ff665a8cbb74383bdda
  GoogleAPIClientForREST: f7951c455df271bc6259b3ddb4073d0026475ccf
  GoogleMaps: f79af95cb24d869457b1f961c93d3ce8b2f3b848
  GoogleMobileVision: 6b0a3a2dae1974ec35d80fdeeacc3a03193642e0
  GooglePlacePicker: 59ea44db173c58486ad6123993e81feefcbce9c3
  GooglePlaces: 3d06e6c99654545b4738ce49648745779c25f2ef
  GoogleSignIn: d9ef55b10f0aa401a5de2747f59b725e4b9732ac
  GoogleToolboxForMac: 91c824d21e85b31c2aae9bb011c5027c9b4e738f
  GTMOAuth2: c77fe325e4acd453837e72d91e3b5f13116857b2
  GTMSessionFetcher: 5fa5b80fd20e439ef5f545fb2cb3ca6c6714caa2
  ImageLoader: 56f57e35d6ed26a74183dc2e472133b4b22eb7b9
  ImagePicker: 973953c25960fe04729a7082a56194321c6762d2
  leveldb-library: 08cba283675b7ed2d99629a4bc5fd052cd2bb6a5
  nanopb: 5601e6bca2dbf1ed831b519092ec110f66982ca3
  PDTSimpleCalendar: d1c03387678422715dc021aa1a85d70f4d1014f2
  PopupDialog: 39598b7d41719f5c025b4b70e62728bae7734fef
  Protobuf: 0fc0ad8bec688b2a3017a139953e01374fedbd5f
  SimplePDF: 903143ede36965886997a5c1bc6b8940b082ba20

PODFILE CHECKSUM: 57a34a0ef60b15cebf4b91131e23021d5f654cdd

COCOAPODS: 1.5.3
